// !$*UTF8*$!
{
	archiveVersion = 1;
	classes = {
	};
	objectVersion = 46;
	objects = {

/* Begin PBXBuildFile section */
		26175EC61EE70403003BF367 /* AppDelegate.swift in Sources */ = {isa = PBXBuildFile; fileRef = 26175EC51EE70403003BF367 /* AppDelegate.swift */; };
		26175ECD1EE70403003BF367 /* Assets.xcassets in Resources */ = {isa = PBXBuildFile; fileRef = 26175ECC1EE70403003BF367 /* Assets.xcassets */; };
		26175ED01EE70403003BF367 /* LaunchScreen.storyboard in Resources */ = {isa = PBXBuildFile; fileRef = 26175ECE1EE70403003BF367 /* LaunchScreen.storyboard */; };
		26175EDB1EE70403003BF367 /* MyEventsUITests.swift in Sources */ = {isa = PBXBuildFile; fileRef = 26175EDA1EE70403003BF367 /* MyEventsUITests.swift */; };
		26175EEA1EE70448003BF367 /* Setting.swift in Sources */ = {isa = PBXBuildFile; fileRef = 26175EE91EE70448003BF367 /* Setting.swift */; };
		26175F351EE70456003BF367 /* knConstraints.swift in Sources */ = {isa = PBXBuildFile; fileRef = 26175EEB1EE70456003BF367 /* knConstraints.swift */; };
		26175F361EE70456003BF367 /* AnimateItemCollectionLayout.swift in Sources */ = {isa = PBXBuildFile; fileRef = 26175EEF1EE70456003BF367 /* AnimateItemCollectionLayout.swift */; };
		26175F371EE70456003BF367 /* knCell.swift in Sources */ = {isa = PBXBuildFile; fileRef = 26175EF11EE70456003BF367 /* knCell.swift */; };
		26175F381EE70456003BF367 /* knCollectionController.swift in Sources */ = {isa = PBXBuildFile; fileRef = 26175EF21EE70456003BF367 /* knCollectionController.swift */; };
		26175F391EE70456003BF367 /* knController.swift in Sources */ = {isa = PBXBuildFile; fileRef = 26175EF31EE70456003BF367 /* knController.swift */; };
		26175F3A1EE70456003BF367 /* knPagerController.swift in Sources */ = {isa = PBXBuildFile; fileRef = 26175EF41EE70456003BF367 /* knPagerController.swift */; };
		26175F3B1EE70456003BF367 /* knTableController.swift in Sources */ = {isa = PBXBuildFile; fileRef = 26175EF51EE70456003BF367 /* knTableController.swift */; };
		26175F3C1EE70456003BF367 /* knView.swift in Sources */ = {isa = PBXBuildFile; fileRef = 26175EF61EE70456003BF367 /* knView.swift */; };
		26175F3D1EE70456003BF367 /* knViewBase.swift in Sources */ = {isa = PBXBuildFile; fileRef = 26175EF71EE70456003BF367 /* knViewBase.swift */; };
		26175F3E1EE70456003BF367 /* PagerController.swift in Sources */ = {isa = PBXBuildFile; fileRef = 26175EF81EE70456003BF367 /* PagerController.swift */; };
		26175F3F1EE70456003BF367 /* camera.png in Resources */ = {isa = PBXBuildFile; fileRef = 26175EFA1EE70456003BF367 /* camera.png */; };
		26175F401EE70456003BF367 /* knComposerView.swift in Sources */ = {isa = PBXBuildFile; fileRef = 26175EFB1EE70456003BF367 /* knComposerView.swift */; };
		26175F411EE70456003BF367 /* micro.png in Resources */ = {isa = PBXBuildFile; fileRef = 26175EFC1EE70456003BF367 /* micro.png */; };
		26175F421EE70456003BF367 /* send.png in Resources */ = {isa = PBXBuildFile; fileRef = 26175EFD1EE70456003BF367 /* send.png */; };
		26175F431EE70456003BF367 /* three_dot_vertical.png in Resources */ = {isa = PBXBuildFile; fileRef = 26175EFE1EE70456003BF367 /* three_dot_vertical.png */; };
		26175F441EE70456003BF367 /* GradientView.swift in Sources */ = {isa = PBXBuildFile; fileRef = 26175EFF1EE70456003BF367 /* GradientView.swift */; };
		26175F451EE70456003BF367 /* KMPlaceholderTextView.swift in Sources */ = {isa = PBXBuildFile; fileRef = 26175F001EE70456003BF367 /* KMPlaceholderTextView.swift */; };
		26175F461EE70456003BF367 /* knAnalogClockView.swift in Sources */ = {isa = PBXBuildFile; fileRef = 26175F011EE70456003BF367 /* knAnalogClockView.swift */; };
		26175F471EE70456003BF367 /* knAnimationScrollView.swift in Sources */ = {isa = PBXBuildFile; fileRef = 26175F021EE70456003BF367 /* knAnimationScrollView.swift */; };
		26175F481EE70456003BF367 /* knBarButtonNumber.swift in Sources */ = {isa = PBXBuildFile; fileRef = 26175F031EE70456003BF367 /* knBarButtonNumber.swift */; };
		26175F491EE70456003BF367 /* knButton.swift in Sources */ = {isa = PBXBuildFile; fileRef = 26175F041EE70456003BF367 /* knButton.swift */; };
		26175F4A1EE70456003BF367 /* knCodeView.swift in Sources */ = {isa = PBXBuildFile; fileRef = 26175F051EE70456003BF367 /* knCodeView.swift */; };
		26175F4B1EE70456003BF367 /* knDateDialog.swift in Sources */ = {isa = PBXBuildFile; fileRef = 26175F061EE70456003BF367 /* knDateDialog.swift */; };
		26175F4C1EE70456003BF367 /* knDotLoadingIndicator.swift in Sources */ = {isa = PBXBuildFile; fileRef = 26175F071EE70456003BF367 /* knDotLoadingIndicator.swift */; };
		26175F4D1EE70456003BF367 /* knDraggableViewCollection.swift in Sources */ = {isa = PBXBuildFile; fileRef = 26175F081EE70456003BF367 /* knDraggableViewCollection.swift */; };
		26175F4E1EE70456003BF367 /* knGistTextField.swift in Sources */ = {isa = PBXBuildFile; fileRef = 26175F091EE70456003BF367 /* knGistTextField.swift */; };
		26175F4F1EE70456003BF367 /* knLoadingView.swift in Sources */ = {isa = PBXBuildFile; fileRef = 26175F0A1EE70456003BF367 /* knLoadingView.swift */; };
		26175F501EE70456003BF367 /* knPageViewController.swift in Sources */ = {isa = PBXBuildFile; fileRef = 26175F0B1EE70456003BF367 /* knPageViewController.swift */; };
		26175F511EE70456003BF367 /* knPhotoSelector.swift in Sources */ = {isa = PBXBuildFile; fileRef = 26175F0C1EE70456003BF367 /* knPhotoSelector.swift */; };
		26175F521EE70456003BF367 /* knRippleAnimationView.swift in Sources */ = {isa = PBXBuildFile; fileRef = 26175F0D1EE70456003BF367 /* knRippleAnimationView.swift */; };
		26175F531EE70456003BF367 /* knShimmerView.swift in Sources */ = {isa = PBXBuildFile; fileRef = 26175F0E1EE70456003BF367 /* knShimmerView.swift */; };
		26175F541EE70456003BF367 /* knTagView.swift in Sources */ = {isa = PBXBuildFile; fileRef = 26175F0F1EE70456003BF367 /* knTagView.swift */; };
		26175F551EE70456003BF367 /* knTwoCollumnsCollectionViewLayout.swift in Sources */ = {isa = PBXBuildFile; fileRef = 26175F101EE70456003BF367 /* knTwoCollumnsCollectionViewLayout.swift */; };
		26175F561EE70456003BF367 /* knUnderlineTextField.swift in Sources */ = {isa = PBXBuildFile; fileRef = 26175F111EE70456003BF367 /* knUnderlineTextField.swift */; };
		26175F571EE70456003BF367 /* RecordView.swift in Sources */ = {isa = PBXBuildFile; fileRef = 26175F121EE70456003BF367 /* RecordView.swift */; };
		26175F581EE70456003BF367 /* RSKCollectionViewRetractableFirstItemLayout.swift in Sources */ = {isa = PBXBuildFile; fileRef = 26175F131EE70456003BF367 /* RSKCollectionViewRetractableFirstItemLayout.swift */; };
		26175F591EE70456003BF367 /* SnakePageControl.swift in Sources */ = {isa = PBXBuildFile; fileRef = 26175F141EE70456003BF367 /* SnakePageControl.swift */; };
		26175F5A1EE70456003BF367 /* TransitionSubmitButton.swift in Sources */ = {isa = PBXBuildFile; fileRef = 26175F151EE70456003BF367 /* TransitionSubmitButton.swift */; };
		26175F5B1EE70456003BF367 /* Uploader.swift in Sources */ = {isa = PBXBuildFile; fileRef = 26175F161EE70456003BF367 /* Uploader.swift */; };
		26175F5C1EE70456003BF367 /* ValidationWorker.swift in Sources */ = {isa = PBXBuildFile; fileRef = 26175F171EE70456003BF367 /* ValidationWorker.swift */; };
		26175F5D1EE70456003BF367 /* knInt.swift in Sources */ = {isa = PBXBuildFile; fileRef = 26175F1A1EE70456003BF367 /* knInt.swift */; };
		26175F5E1EE70456003BF367 /* knNSDate.swift in Sources */ = {isa = PBXBuildFile; fileRef = 26175F1B1EE70456003BF367 /* knNSDate.swift */; };
		26175F5F1EE70456003BF367 /* knString.swift in Sources */ = {isa = PBXBuildFile; fileRef = 26175F1C1EE70456003BF367 /* knString.swift */; };
		26175F601EE70456003BF367 /* knUIApplication.swift in Sources */ = {isa = PBXBuildFile; fileRef = 26175F1D1EE70456003BF367 /* knUIApplication.swift */; };
		26175F611EE70456003BF367 /* knUIButton.swift in Sources */ = {isa = PBXBuildFile; fileRef = 26175F1E1EE70456003BF367 /* knUIButton.swift */; };
		26175F621EE70456003BF367 /* knUIColor.swift in Sources */ = {isa = PBXBuildFile; fileRef = 26175F1F1EE70456003BF367 /* knUIColor.swift */; };
		26175F631EE70456003BF367 /* knUIExtension.swift in Sources */ = {isa = PBXBuildFile; fileRef = 26175F201EE70456003BF367 /* knUIExtension.swift */; };
		26175F641EE70456003BF367 /* knUIImage.swift in Sources */ = {isa = PBXBuildFile; fileRef = 26175F211EE70456003BF367 /* knUIImage.swift */; };
		26175F651EE70456003BF367 /* knUINavigationController.swift in Sources */ = {isa = PBXBuildFile; fileRef = 26175F221EE70456003BF367 /* knUINavigationController.swift */; };
		26175F661EE70456003BF367 /* knUIScrollView.swift in Sources */ = {isa = PBXBuildFile; fileRef = 26175F231EE70456003BF367 /* knUIScrollView.swift */; };
		26175F671EE70456003BF367 /* knUISearchBar.swift in Sources */ = {isa = PBXBuildFile; fileRef = 26175F241EE70456003BF367 /* knUISearchBar.swift */; };
		26175F681EE70456003BF367 /* knUITableView.swift in Sources */ = {isa = PBXBuildFile; fileRef = 26175F251EE70456003BF367 /* knUITableView.swift */; };
		26175F691EE70456003BF367 /* knUITextField.swift in Sources */ = {isa = PBXBuildFile; fileRef = 26175F261EE70456003BF367 /* knUITextField.swift */; };
		26175F6A1EE70456003BF367 /* knUITextView.swift in Sources */ = {isa = PBXBuildFile; fileRef = 26175F271EE70456003BF367 /* knUITextView.swift */; };
		26175F6B1EE70457003BF367 /* knUIView.swift in Sources */ = {isa = PBXBuildFile; fileRef = 26175F281EE70456003BF367 /* knUIView.swift */; };
		26175F6C1EE70457003BF367 /* knUIViewController.swift in Sources */ = {isa = PBXBuildFile; fileRef = 26175F291EE70456003BF367 /* knUIViewController.swift */; };
		26175F6D1EE70457003BF367 /* AlamofireConnector.swift in Sources */ = {isa = PBXBuildFile; fileRef = 26175F2B1EE70456003BF367 /* AlamofireConnector.swift */; };
		26175F6E1EE70457003BF367 /* Error.swift in Sources */ = {isa = PBXBuildFile; fileRef = 26175F2C1EE70456003BF367 /* Error.swift */; };
		26175F6F1EE70457003BF367 /* GlobalSupporter.swift in Sources */ = {isa = PBXBuildFile; fileRef = 26175F2D1EE70456003BF367 /* GlobalSupporter.swift */; };
		26175F701EE70457003BF367 /* JSONParser.swift in Sources */ = {isa = PBXBuildFile; fileRef = 26175F2E1EE70456003BF367 /* JSONParser.swift */; };
		26175F711EE70457003BF367 /* KeyboardManager.swift in Sources */ = {isa = PBXBuildFile; fileRef = 26175F2F1EE70456003BF367 /* KeyboardManager.swift */; };
		26175F721EE70457003BF367 /* knScreenSize.swift in Sources */ = {isa = PBXBuildFile; fileRef = 26175F301EE70456003BF367 /* knScreenSize.swift */; };
		26175F731EE70457003BF367 /* LocationWorker.swift in Sources */ = {isa = PBXBuildFile; fileRef = 26175F311EE70456003BF367 /* LocationWorker.swift */; };
		26175F741EE70457003BF367 /* SafeJsonObject.swift in Sources */ = {isa = PBXBuildFile; fileRef = 26175F321EE70456003BF367 /* SafeJsonObject.swift */; };
		26175F751EE70457003BF367 /* ServiceConnector.swift in Sources */ = {isa = PBXBuildFile; fileRef = 26175F331EE70456003BF367 /* ServiceConnector.swift */; };
		26175F761EE70457003BF367 /* Worker.swift in Sources */ = {isa = PBXBuildFile; fileRef = 26175F341EE70456003BF367 /* Worker.swift */; };
		261760531EE70DAF003BF367 /* Supporter.swift in Sources */ = {isa = PBXBuildFile; fileRef = 261760521EE70DAF003BF367 /* Supporter.swift */; };
		261760561EE740AE003BF367 /* EventList.swift in Sources */ = {isa = PBXBuildFile; fileRef = 261760551EE740AE003BF367 /* EventList.swift */; };
		261760581EE74441003BF367 /* ExtensionUIImageView.swift in Sources */ = {isa = PBXBuildFile; fileRef = 261760571EE74441003BF367 /* ExtensionUIImageView.swift */; };
		2617605A1EE74A4D003BF367 /* NewEvent.swift in Sources */ = {isa = PBXBuildFile; fileRef = 261760591EE74A4D003BF367 /* NewEvent.swift */; };
		2617605C1EE753B4003BF367 /* FloatLabelTextField.swift in Sources */ = {isa = PBXBuildFile; fileRef = 2617605B1EE753B4003BF367 /* FloatLabelTextField.swift */; };
		263351441EE88C8500BA3773 /* ForgotPassword.swift in Sources */ = {isa = PBXBuildFile; fileRef = 263351431EE88C8500BA3773 /* ForgotPassword.swift */; };
		263351461EE88C9700BA3773 /* ForgotPasswordVIP.swift in Sources */ = {isa = PBXBuildFile; fileRef = 263351451EE88C9700BA3773 /* ForgotPasswordVIP.swift */; };
		263351481EE8902F00BA3773 /* DatePickerDialog.swift in Sources */ = {isa = PBXBuildFile; fileRef = 263351471EE8902F00BA3773 /* DatePickerDialog.swift */; };
		2633514A1EE899D200BA3773 /* Login.swift in Sources */ = {isa = PBXBuildFile; fileRef = 263351491EE899D200BA3773 /* Login.swift */; };
		2633514C1EE899EA00BA3773 /* LoginVIP.swift in Sources */ = {isa = PBXBuildFile; fileRef = 2633514B1EE899EA00BA3773 /* LoginVIP.swift */; };
		2633514E1EE899FF00BA3773 /* ValidateEmailPasswordWorker.swift in Sources */ = {isa = PBXBuildFile; fileRef = 2633514D1EE899FF00BA3773 /* ValidateEmailPasswordWorker.swift */; };
		263351501EE89A1300BA3773 /* ValidateEmailWorker.swift in Sources */ = {isa = PBXBuildFile; fileRef = 2633514F1EE89A1300BA3773 /* ValidateEmailWorker.swift */; };
		263351521EE89A6900BA3773 /* SignupVIP.swift in Sources */ = {isa = PBXBuildFile; fileRef = 263351511EE89A6900BA3773 /* SignupVIP.swift */; };
		263351541EE89A8200BA3773 /* Signup.swift in Sources */ = {isa = PBXBuildFile; fileRef = 263351531EE89A8200BA3773 /* Signup.swift */; };
		B07BA22CD5019C5B5885DD5C /* Pods_MyEventsUITests.framework in Frameworks */ = {isa = PBXBuildFile; fileRef = 0DDC40B90715E09B68234BF2 /* Pods_MyEventsUITests.framework */; };
		B57E2F36A488B579F4F1DAA0 /* Pods_MyEvents.framework in Frameworks */ = {isa = PBXBuildFile; fileRef = 12D781BA9634FC89F2EFC7F3 /* Pods_MyEvents.framework */; };
/* End PBXBuildFile section */

/* Begin PBXContainerItemProxy section */
		26175ED71EE70403003BF367 /* PBXContainerItemProxy */ = {
			isa = PBXContainerItemProxy;
			containerPortal = 26175EBA1EE70403003BF367 /* Project object */;
			proxyType = 1;
			remoteGlobalIDString = 26175EC11EE70403003BF367;
			remoteInfo = MyEvents;
		};
/* End PBXContainerItemProxy section */

/* Begin PBXFileReference section */
		0DDC40B90715E09B68234BF2 /* Pods_MyEventsUITests.framework */ = {isa = PBXFileReference; explicitFileType = wrapper.framework; includeInIndex = 0; path = Pods_MyEventsUITests.framework; sourceTree = BUILT_PRODUCTS_DIR; };
		0EEB30F2F387311AFA5ED7F5 /* Pods-MyEvents.debug.xcconfig */ = {isa = PBXFileReference; includeInIndex = 1; lastKnownFileType = text.xcconfig; name = "Pods-MyEvents.debug.xcconfig"; path = "Pods/Target Support Files/Pods-MyEvents/Pods-MyEvents.debug.xcconfig"; sourceTree = "<group>"; };
		12D781BA9634FC89F2EFC7F3 /* Pods_MyEvents.framework */ = {isa = PBXFileReference; explicitFileType = wrapper.framework; includeInIndex = 0; path = Pods_MyEvents.framework; sourceTree = BUILT_PRODUCTS_DIR; };
		26175EC21EE70403003BF367 /* MyEvents.app */ = {isa = PBXFileReference; explicitFileType = wrapper.application; includeInIndex = 0; path = MyEvents.app; sourceTree = BUILT_PRODUCTS_DIR; };
		26175EC51EE70403003BF367 /* AppDelegate.swift */ = {isa = PBXFileReference; lastKnownFileType = sourcecode.swift; path = AppDelegate.swift; sourceTree = "<group>"; };
		26175ECC1EE70403003BF367 /* Assets.xcassets */ = {isa = PBXFileReference; lastKnownFileType = folder.assetcatalog; path = Assets.xcassets; sourceTree = "<group>"; };
		26175ECF1EE70403003BF367 /* Base */ = {isa = PBXFileReference; lastKnownFileType = file.storyboard; name = Base; path = Base.lproj/LaunchScreen.storyboard; sourceTree = "<group>"; };
		26175ED11EE70403003BF367 /* Info.plist */ = {isa = PBXFileReference; lastKnownFileType = text.plist.xml; path = Info.plist; sourceTree = "<group>"; };
		26175ED61EE70403003BF367 /* MyEventsUITests.xctest */ = {isa = PBXFileReference; explicitFileType = wrapper.cfbundle; includeInIndex = 0; path = MyEventsUITests.xctest; sourceTree = BUILT_PRODUCTS_DIR; };
		26175EDA1EE70403003BF367 /* MyEventsUITests.swift */ = {isa = PBXFileReference; lastKnownFileType = sourcecode.swift; path = MyEventsUITests.swift; sourceTree = "<group>"; };
		26175EDC1EE70403003BF367 /* Info.plist */ = {isa = PBXFileReference; lastKnownFileType = text.plist.xml; path = Info.plist; sourceTree = "<group>"; };
		26175EE91EE70448003BF367 /* Setting.swift */ = {isa = PBXFileReference; fileEncoding = 4; lastKnownFileType = sourcecode.swift; path = Setting.swift; sourceTree = "<group>"; };
		26175EEB1EE70456003BF367 /* knConstraints.swift */ = {isa = PBXFileReference; fileEncoding = 4; lastKnownFileType = sourcecode.swift; path = knConstraints.swift; sourceTree = "<group>"; };
		26175EEF1EE70456003BF367 /* AnimateItemCollectionLayout.swift */ = {isa = PBXFileReference; fileEncoding = 4; lastKnownFileType = sourcecode.swift; path = AnimateItemCollectionLayout.swift; sourceTree = "<group>"; };
		26175EF11EE70456003BF367 /* knCell.swift */ = {isa = PBXFileReference; fileEncoding = 4; lastKnownFileType = sourcecode.swift; path = knCell.swift; sourceTree = "<group>"; };
		26175EF21EE70456003BF367 /* knCollectionController.swift */ = {isa = PBXFileReference; fileEncoding = 4; lastKnownFileType = sourcecode.swift; path = knCollectionController.swift; sourceTree = "<group>"; };
		26175EF31EE70456003BF367 /* knController.swift */ = {isa = PBXFileReference; fileEncoding = 4; lastKnownFileType = sourcecode.swift; path = knController.swift; sourceTree = "<group>"; };
		26175EF41EE70456003BF367 /* knPagerController.swift */ = {isa = PBXFileReference; fileEncoding = 4; lastKnownFileType = sourcecode.swift; path = knPagerController.swift; sourceTree = "<group>"; };
		26175EF51EE70456003BF367 /* knTableController.swift */ = {isa = PBXFileReference; fileEncoding = 4; lastKnownFileType = sourcecode.swift; path = knTableController.swift; sourceTree = "<group>"; };
		26175EF61EE70456003BF367 /* knView.swift */ = {isa = PBXFileReference; fileEncoding = 4; lastKnownFileType = sourcecode.swift; path = knView.swift; sourceTree = "<group>"; };
		26175EF71EE70456003BF367 /* knViewBase.swift */ = {isa = PBXFileReference; fileEncoding = 4; lastKnownFileType = sourcecode.swift; path = knViewBase.swift; sourceTree = "<group>"; };
		26175EF81EE70456003BF367 /* PagerController.swift */ = {isa = PBXFileReference; fileEncoding = 4; lastKnownFileType = sourcecode.swift; path = PagerController.swift; sourceTree = "<group>"; };
		26175EFA1EE70456003BF367 /* camera.png */ = {isa = PBXFileReference; lastKnownFileType = image.png; path = camera.png; sourceTree = "<group>"; };
		26175EFB1EE70456003BF367 /* knComposerView.swift */ = {isa = PBXFileReference; fileEncoding = 4; lastKnownFileType = sourcecode.swift; path = knComposerView.swift; sourceTree = "<group>"; };
		26175EFC1EE70456003BF367 /* micro.png */ = {isa = PBXFileReference; lastKnownFileType = image.png; path = micro.png; sourceTree = "<group>"; };
		26175EFD1EE70456003BF367 /* send.png */ = {isa = PBXFileReference; lastKnownFileType = image.png; path = send.png; sourceTree = "<group>"; };
		26175EFE1EE70456003BF367 /* three_dot_vertical.png */ = {isa = PBXFileReference; lastKnownFileType = image.png; path = three_dot_vertical.png; sourceTree = "<group>"; };
		26175EFF1EE70456003BF367 /* GradientView.swift */ = {isa = PBXFileReference; fileEncoding = 4; lastKnownFileType = sourcecode.swift; path = GradientView.swift; sourceTree = "<group>"; };
		26175F001EE70456003BF367 /* KMPlaceholderTextView.swift */ = {isa = PBXFileReference; fileEncoding = 4; lastKnownFileType = sourcecode.swift; path = KMPlaceholderTextView.swift; sourceTree = "<group>"; };
		26175F011EE70456003BF367 /* knAnalogClockView.swift */ = {isa = PBXFileReference; fileEncoding = 4; lastKnownFileType = sourcecode.swift; path = knAnalogClockView.swift; sourceTree = "<group>"; };
		26175F021EE70456003BF367 /* knAnimationScrollView.swift */ = {isa = PBXFileReference; fileEncoding = 4; lastKnownFileType = sourcecode.swift; path = knAnimationScrollView.swift; sourceTree = "<group>"; };
		26175F031EE70456003BF367 /* knBarButtonNumber.swift */ = {isa = PBXFileReference; fileEncoding = 4; lastKnownFileType = sourcecode.swift; path = knBarButtonNumber.swift; sourceTree = "<group>"; };
		26175F041EE70456003BF367 /* knButton.swift */ = {isa = PBXFileReference; fileEncoding = 4; lastKnownFileType = sourcecode.swift; path = knButton.swift; sourceTree = "<group>"; };
		26175F051EE70456003BF367 /* knCodeView.swift */ = {isa = PBXFileReference; fileEncoding = 4; lastKnownFileType = sourcecode.swift; path = knCodeView.swift; sourceTree = "<group>"; };
		26175F061EE70456003BF367 /* knDateDialog.swift */ = {isa = PBXFileReference; fileEncoding = 4; lastKnownFileType = sourcecode.swift; path = knDateDialog.swift; sourceTree = "<group>"; };
		26175F071EE70456003BF367 /* knDotLoadingIndicator.swift */ = {isa = PBXFileReference; fileEncoding = 4; lastKnownFileType = sourcecode.swift; path = knDotLoadingIndicator.swift; sourceTree = "<group>"; };
		26175F081EE70456003BF367 /* knDraggableViewCollection.swift */ = {isa = PBXFileReference; fileEncoding = 4; lastKnownFileType = sourcecode.swift; path = knDraggableViewCollection.swift; sourceTree = "<group>"; };
		26175F091EE70456003BF367 /* knGistTextField.swift */ = {isa = PBXFileReference; fileEncoding = 4; lastKnownFileType = sourcecode.swift; path = knGistTextField.swift; sourceTree = "<group>"; };
		26175F0A1EE70456003BF367 /* knLoadingView.swift */ = {isa = PBXFileReference; fileEncoding = 4; lastKnownFileType = sourcecode.swift; path = knLoadingView.swift; sourceTree = "<group>"; };
		26175F0B1EE70456003BF367 /* knPageViewController.swift */ = {isa = PBXFileReference; fileEncoding = 4; lastKnownFileType = sourcecode.swift; path = knPageViewController.swift; sourceTree = "<group>"; };
		26175F0C1EE70456003BF367 /* knPhotoSelector.swift */ = {isa = PBXFileReference; fileEncoding = 4; lastKnownFileType = sourcecode.swift; path = knPhotoSelector.swift; sourceTree = "<group>"; };
		26175F0D1EE70456003BF367 /* knRippleAnimationView.swift */ = {isa = PBXFileReference; fileEncoding = 4; lastKnownFileType = sourcecode.swift; path = knRippleAnimationView.swift; sourceTree = "<group>"; };
		26175F0E1EE70456003BF367 /* knShimmerView.swift */ = {isa = PBXFileReference; fileEncoding = 4; lastKnownFileType = sourcecode.swift; path = knShimmerView.swift; sourceTree = "<group>"; };
		26175F0F1EE70456003BF367 /* knTagView.swift */ = {isa = PBXFileReference; fileEncoding = 4; lastKnownFileType = sourcecode.swift; path = knTagView.swift; sourceTree = "<group>"; };
		26175F101EE70456003BF367 /* knTwoCollumnsCollectionViewLayout.swift */ = {isa = PBXFileReference; fileEncoding = 4; lastKnownFileType = sourcecode.swift; path = knTwoCollumnsCollectionViewLayout.swift; sourceTree = "<group>"; };
		26175F111EE70456003BF367 /* knUnderlineTextField.swift */ = {isa = PBXFileReference; fileEncoding = 4; lastKnownFileType = sourcecode.swift; path = knUnderlineTextField.swift; sourceTree = "<group>"; };
		26175F121EE70456003BF367 /* RecordView.swift */ = {isa = PBXFileReference; fileEncoding = 4; lastKnownFileType = sourcecode.swift; path = RecordView.swift; sourceTree = "<group>"; };
		26175F131EE70456003BF367 /* RSKCollectionViewRetractableFirstItemLayout.swift */ = {isa = PBXFileReference; fileEncoding = 4; lastKnownFileType = sourcecode.swift; path = RSKCollectionViewRetractableFirstItemLayout.swift; sourceTree = "<group>"; };
		26175F141EE70456003BF367 /* SnakePageControl.swift */ = {isa = PBXFileReference; fileEncoding = 4; lastKnownFileType = sourcecode.swift; path = SnakePageControl.swift; sourceTree = "<group>"; };
		26175F151EE70456003BF367 /* TransitionSubmitButton.swift */ = {isa = PBXFileReference; fileEncoding = 4; lastKnownFileType = sourcecode.swift; path = TransitionSubmitButton.swift; sourceTree = "<group>"; };
		26175F161EE70456003BF367 /* Uploader.swift */ = {isa = PBXFileReference; fileEncoding = 4; lastKnownFileType = sourcecode.swift; path = Uploader.swift; sourceTree = "<group>"; };
		26175F171EE70456003BF367 /* ValidationWorker.swift */ = {isa = PBXFileReference; fileEncoding = 4; lastKnownFileType = sourcecode.swift; path = ValidationWorker.swift; sourceTree = "<group>"; };
		26175F1A1EE70456003BF367 /* knInt.swift */ = {isa = PBXFileReference; fileEncoding = 4; lastKnownFileType = sourcecode.swift; path = knInt.swift; sourceTree = "<group>"; };
		26175F1B1EE70456003BF367 /* knNSDate.swift */ = {isa = PBXFileReference; fileEncoding = 4; lastKnownFileType = sourcecode.swift; path = knNSDate.swift; sourceTree = "<group>"; };
		26175F1C1EE70456003BF367 /* knString.swift */ = {isa = PBXFileReference; fileEncoding = 4; lastKnownFileType = sourcecode.swift; path = knString.swift; sourceTree = "<group>"; };
		26175F1D1EE70456003BF367 /* knUIApplication.swift */ = {isa = PBXFileReference; fileEncoding = 4; lastKnownFileType = sourcecode.swift; path = knUIApplication.swift; sourceTree = "<group>"; };
		26175F1E1EE70456003BF367 /* knUIButton.swift */ = {isa = PBXFileReference; fileEncoding = 4; lastKnownFileType = sourcecode.swift; path = knUIButton.swift; sourceTree = "<group>"; };
		26175F1F1EE70456003BF367 /* knUIColor.swift */ = {isa = PBXFileReference; fileEncoding = 4; lastKnownFileType = sourcecode.swift; path = knUIColor.swift; sourceTree = "<group>"; };
		26175F201EE70456003BF367 /* knUIExtension.swift */ = {isa = PBXFileReference; fileEncoding = 4; lastKnownFileType = sourcecode.swift; path = knUIExtension.swift; sourceTree = "<group>"; };
		26175F211EE70456003BF367 /* knUIImage.swift */ = {isa = PBXFileReference; fileEncoding = 4; lastKnownFileType = sourcecode.swift; path = knUIImage.swift; sourceTree = "<group>"; };
		26175F221EE70456003BF367 /* knUINavigationController.swift */ = {isa = PBXFileReference; fileEncoding = 4; lastKnownFileType = sourcecode.swift; path = knUINavigationController.swift; sourceTree = "<group>"; };
		26175F231EE70456003BF367 /* knUIScrollView.swift */ = {isa = PBXFileReference; fileEncoding = 4; lastKnownFileType = sourcecode.swift; path = knUIScrollView.swift; sourceTree = "<group>"; };
		26175F241EE70456003BF367 /* knUISearchBar.swift */ = {isa = PBXFileReference; fileEncoding = 4; lastKnownFileType = sourcecode.swift; path = knUISearchBar.swift; sourceTree = "<group>"; };
		26175F251EE70456003BF367 /* knUITableView.swift */ = {isa = PBXFileReference; fileEncoding = 4; lastKnownFileType = sourcecode.swift; path = knUITableView.swift; sourceTree = "<group>"; };
		26175F261EE70456003BF367 /* knUITextField.swift */ = {isa = PBXFileReference; fileEncoding = 4; lastKnownFileType = sourcecode.swift; path = knUITextField.swift; sourceTree = "<group>"; };
		26175F271EE70456003BF367 /* knUITextView.swift */ = {isa = PBXFileReference; fileEncoding = 4; lastKnownFileType = sourcecode.swift; path = knUITextView.swift; sourceTree = "<group>"; };
		26175F281EE70456003BF367 /* knUIView.swift */ = {isa = PBXFileReference; fileEncoding = 4; lastKnownFileType = sourcecode.swift; path = knUIView.swift; sourceTree = "<group>"; };
		26175F291EE70456003BF367 /* knUIViewController.swift */ = {isa = PBXFileReference; fileEncoding = 4; lastKnownFileType = sourcecode.swift; path = knUIViewController.swift; sourceTree = "<group>"; };
		26175F2B1EE70456003BF367 /* AlamofireConnector.swift */ = {isa = PBXFileReference; fileEncoding = 4; lastKnownFileType = sourcecode.swift; path = AlamofireConnector.swift; sourceTree = "<group>"; };
		26175F2C1EE70456003BF367 /* Error.swift */ = {isa = PBXFileReference; fileEncoding = 4; lastKnownFileType = sourcecode.swift; path = Error.swift; sourceTree = "<group>"; };
		26175F2D1EE70456003BF367 /* GlobalSupporter.swift */ = {isa = PBXFileReference; fileEncoding = 4; lastKnownFileType = sourcecode.swift; path = GlobalSupporter.swift; sourceTree = "<group>"; };
		26175F2E1EE70456003BF367 /* JSONParser.swift */ = {isa = PBXFileReference; fileEncoding = 4; lastKnownFileType = sourcecode.swift; path = JSONParser.swift; sourceTree = "<group>"; };
		26175F2F1EE70456003BF367 /* KeyboardManager.swift */ = {isa = PBXFileReference; fileEncoding = 4; lastKnownFileType = sourcecode.swift; path = KeyboardManager.swift; sourceTree = "<group>"; };
		26175F301EE70456003BF367 /* knScreenSize.swift */ = {isa = PBXFileReference; fileEncoding = 4; lastKnownFileType = sourcecode.swift; path = knScreenSize.swift; sourceTree = "<group>"; };
		26175F311EE70456003BF367 /* LocationWorker.swift */ = {isa = PBXFileReference; fileEncoding = 4; lastKnownFileType = sourcecode.swift; path = LocationWorker.swift; sourceTree = "<group>"; };
		26175F321EE70456003BF367 /* SafeJsonObject.swift */ = {isa = PBXFileReference; fileEncoding = 4; lastKnownFileType = sourcecode.swift; path = SafeJsonObject.swift; sourceTree = "<group>"; };
		26175F331EE70456003BF367 /* ServiceConnector.swift */ = {isa = PBXFileReference; fileEncoding = 4; lastKnownFileType = sourcecode.swift; path = ServiceConnector.swift; sourceTree = "<group>"; };
		26175F341EE70456003BF367 /* Worker.swift */ = {isa = PBXFileReference; fileEncoding = 4; lastKnownFileType = sourcecode.swift; path = Worker.swift; sourceTree = "<group>"; };
		261760521EE70DAF003BF367 /* Supporter.swift */ = {isa = PBXFileReference; fileEncoding = 4; lastKnownFileType = sourcecode.swift; path = Supporter.swift; sourceTree = "<group>"; };
		261760551EE740AE003BF367 /* EventList.swift */ = {isa = PBXFileReference; fileEncoding = 4; lastKnownFileType = sourcecode.swift; path = EventList.swift; sourceTree = "<group>"; };
		261760571EE74441003BF367 /* ExtensionUIImageView.swift */ = {isa = PBXFileReference; fileEncoding = 4; lastKnownFileType = sourcecode.swift; path = ExtensionUIImageView.swift; sourceTree = "<group>"; };
		261760591EE74A4D003BF367 /* NewEvent.swift */ = {isa = PBXFileReference; fileEncoding = 4; lastKnownFileType = sourcecode.swift; path = NewEvent.swift; sourceTree = "<group>"; };
		2617605B1EE753B4003BF367 /* FloatLabelTextField.swift */ = {isa = PBXFileReference; fileEncoding = 4; lastKnownFileType = sourcecode.swift; path = FloatLabelTextField.swift; sourceTree = "<group>"; };
		263351431EE88C8500BA3773 /* ForgotPassword.swift */ = {isa = PBXFileReference; lastKnownFileType = sourcecode.swift; path = ForgotPassword.swift; sourceTree = "<group>"; };
		263351451EE88C9700BA3773 /* ForgotPasswordVIP.swift */ = {isa = PBXFileReference; lastKnownFileType = sourcecode.swift; path = ForgotPasswordVIP.swift; sourceTree = "<group>"; };
		263351471EE8902F00BA3773 /* DatePickerDialog.swift */ = {isa = PBXFileReference; fileEncoding = 4; lastKnownFileType = sourcecode.swift; name = DatePickerDialog.swift; path = "../../../../../../Downloads/DatePickerDialog-iOS-Swift-master/Sources/DatePickerDialog.swift"; sourceTree = "<group>"; };
		263351491EE899D200BA3773 /* Login.swift */ = {isa = PBXFileReference; lastKnownFileType = sourcecode.swift; path = Login.swift; sourceTree = "<group>"; };
		2633514B1EE899EA00BA3773 /* LoginVIP.swift */ = {isa = PBXFileReference; lastKnownFileType = sourcecode.swift; path = LoginVIP.swift; sourceTree = "<group>"; };
		2633514D1EE899FF00BA3773 /* ValidateEmailPasswordWorker.swift */ = {isa = PBXFileReference; lastKnownFileType = sourcecode.swift; path = ValidateEmailPasswordWorker.swift; sourceTree = "<group>"; };
		2633514F1EE89A1300BA3773 /* ValidateEmailWorker.swift */ = {isa = PBXFileReference; lastKnownFileType = sourcecode.swift; path = ValidateEmailWorker.swift; sourceTree = "<group>"; };
		263351511EE89A6900BA3773 /* SignupVIP.swift */ = {isa = PBXFileReference; lastKnownFileType = sourcecode.swift; path = SignupVIP.swift; sourceTree = "<group>"; };
		263351531EE89A8200BA3773 /* Signup.swift */ = {isa = PBXFileReference; lastKnownFileType = sourcecode.swift; path = Signup.swift; sourceTree = "<group>"; };
		26C8FD7917687F4C7EB1293E /* Pods-MyEventsUITests.release.xcconfig */ = {isa = PBXFileReference; includeInIndex = 1; lastKnownFileType = text.xcconfig; name = "Pods-MyEventsUITests.release.xcconfig"; path = "Pods/Target Support Files/Pods-MyEventsUITests/Pods-MyEventsUITests.release.xcconfig"; sourceTree = "<group>"; };
		94CFB0F0BAF6F511D89291CF /* Pods-MyEvents.release.xcconfig */ = {isa = PBXFileReference; includeInIndex = 1; lastKnownFileType = text.xcconfig; name = "Pods-MyEvents.release.xcconfig"; path = "Pods/Target Support Files/Pods-MyEvents/Pods-MyEvents.release.xcconfig"; sourceTree = "<group>"; };
		B70D38EB3F7DA4ED25930481 /* Pods-MyEventsUITests.debug.xcconfig */ = {isa = PBXFileReference; includeInIndex = 1; lastKnownFileType = text.xcconfig; name = "Pods-MyEventsUITests.debug.xcconfig"; path = "Pods/Target Support Files/Pods-MyEventsUITests/Pods-MyEventsUITests.debug.xcconfig"; sourceTree = "<group>"; };
/* End PBXFileReference section */

/* Begin PBXFrameworksBuildPhase section */
		26175EBF1EE70403003BF367 /* Frameworks */ = {
			isa = PBXFrameworksBuildPhase;
			buildActionMask = 2147483647;
			files = (
				B57E2F36A488B579F4F1DAA0 /* Pods_MyEvents.framework in Frameworks */,
			);
			runOnlyForDeploymentPostprocessing = 0;
		};
		26175ED31EE70403003BF367 /* Frameworks */ = {
			isa = PBXFrameworksBuildPhase;
			buildActionMask = 2147483647;
			files = (
				B07BA22CD5019C5B5885DD5C /* Pods_MyEventsUITests.framework in Frameworks */,
			);
			runOnlyForDeploymentPostprocessing = 0;
		};
/* End PBXFrameworksBuildPhase section */

/* Begin PBXGroup section */
		26175EB91EE70403003BF367 = {
			isa = PBXGroup;
			children = (
				6E03862695F5494EF1E1AA38 /* Frameworks */,
				26175EC41EE70403003BF367 /* MyEvents */,
				26175ED91EE70403003BF367 /* MyEventsUITests */,
				E27E9C942F61F8455AE68124 /* Pods */,
				26175EC31EE70403003BF367 /* Products */,
			);
			sourceTree = "<group>";
		};
		26175EC31EE70403003BF367 /* Products */ = {
			isa = PBXGroup;
			children = (
				26175EC21EE70403003BF367 /* MyEvents.app */,
				26175ED61EE70403003BF367 /* MyEventsUITests.xctest */,
			);
			name = Products;
			sourceTree = "<group>";
		};
		26175EC41EE70403003BF367 /* MyEvents */ = {
			isa = PBXGroup;
			children = (
				261760511EE70DA5003BF367 /* Common */,
				26175EE51EE70410003BF367 /* Configuration */,
				26175EE71EE70431003BF367 /* Features */,
				26175EE81EE70437003BF367 /* Libs */,
				26175EE61EE70421003BF367 /* Others */,
			);
			path = MyEvents;
			sourceTree = "<group>";
		};
		26175ED91EE70403003BF367 /* MyEventsUITests */ = {
			isa = PBXGroup;
			children = (
				26175EDC1EE70403003BF367 /* Info.plist */,
				26175EDA1EE70403003BF367 /* MyEventsUITests.swift */,
			);
			path = MyEventsUITests;
			sourceTree = "<group>";
		};
		26175EE51EE70410003BF367 /* Configuration */ = {
			isa = PBXGroup;
			children = (
				26175EC51EE70403003BF367 /* AppDelegate.swift */,
				26175ED11EE70403003BF367 /* Info.plist */,
				26175EE91EE70448003BF367 /* Setting.swift */,
			);
			path = Configuration;
			sourceTree = "<group>";
		};
		26175EE61EE70421003BF367 /* Others */ = {
			isa = PBXGroup;
			children = (
				26175ECC1EE70403003BF367 /* Assets.xcassets */,
				26175ECE1EE70403003BF367 /* LaunchScreen.storyboard */,
			);
			path = Others;
			sourceTree = "<group>";
		};
		26175EE71EE70431003BF367 /* Features */ = {
			isa = PBXGroup;
			children = (
				261760541EE740A6003BF367 /* Events */,
				263351421EE88C4C00BA3773 /* ForgotPassword */,
				261760481EE7049F003BF367 /* Login */,
				261760441EE7049F003BF367 /* Signup */,
			);
			path = Features;
			sourceTree = "<group>";
		};
		26175EE81EE70437003BF367 /* Libs */ = {
			isa = PBXGroup;
			children = (
				26175EEC1EE70456003BF367 /* knCollection */,
				263351471EE8902F00BA3773 /* DatePickerDialog.swift */,
				261760571EE74441003BF367 /* ExtensionUIImageView.swift */,
				2617605B1EE753B4003BF367 /* FloatLabelTextField.swift */,
				26175EEB1EE70456003BF367 /* knConstraints.swift */,
			);
			path = Libs;
			sourceTree = "<group>";
		};
		26175EEC1EE70456003BF367 /* knCollection */ = {
			isa = PBXGroup;
			children = (
				26175EED1EE70456003BF367 /* knCollection */,
			);
			path = knCollection;
			sourceTree = "<group>";
		};
		26175EED1EE70456003BF367 /* knCollection */ = {
			isa = PBXGroup;
			children = (
				26175EEE1EE70456003BF367 /* Control */,
				26175F191EE70456003BF367 /* Extension */,
				26175F2A1EE70456003BF367 /* Others */,
			);
			path = knCollection;
			sourceTree = "<group>";
		};
		26175EEE1EE70456003BF367 /* Control */ = {
			isa = PBXGroup;
			children = (
				26175EF01EE70456003BF367 /* BaseControl */,
				26175EF91EE70456003BF367 /* ComposerView */,
				26175EEF1EE70456003BF367 /* AnimateItemCollectionLayout.swift */,
				26175EFF1EE70456003BF367 /* GradientView.swift */,
				26175F001EE70456003BF367 /* KMPlaceholderTextView.swift */,
				26175F131EE70456003BF367 /* RSKCollectionViewRetractableFirstItemLayout.swift */,
				26175F121EE70456003BF367 /* RecordView.swift */,
				26175F141EE70456003BF367 /* SnakePageControl.swift */,
				26175F151EE70456003BF367 /* TransitionSubmitButton.swift */,
				26175F161EE70456003BF367 /* Uploader.swift */,
				26175F171EE70456003BF367 /* ValidationWorker.swift */,
				26175F011EE70456003BF367 /* knAnalogClockView.swift */,
				26175F021EE70456003BF367 /* knAnimationScrollView.swift */,
				26175F031EE70456003BF367 /* knBarButtonNumber.swift */,
				26175F041EE70456003BF367 /* knButton.swift */,
				26175F051EE70456003BF367 /* knCodeView.swift */,
				26175F061EE70456003BF367 /* knDateDialog.swift */,
				26175F071EE70456003BF367 /* knDotLoadingIndicator.swift */,
				26175F081EE70456003BF367 /* knDraggableViewCollection.swift */,
				26175F091EE70456003BF367 /* knGistTextField.swift */,
				26175F0A1EE70456003BF367 /* knLoadingView.swift */,
				26175F0B1EE70456003BF367 /* knPageViewController.swift */,
				26175F0C1EE70456003BF367 /* knPhotoSelector.swift */,
				26175F0D1EE70456003BF367 /* knRippleAnimationView.swift */,
				26175F0E1EE70456003BF367 /* knShimmerView.swift */,
				26175F0F1EE70456003BF367 /* knTagView.swift */,
				26175F101EE70456003BF367 /* knTwoCollumnsCollectionViewLayout.swift */,
				26175F111EE70456003BF367 /* knUnderlineTextField.swift */,
			);
			path = Control;
			sourceTree = "<group>";
		};
		26175EF01EE70456003BF367 /* BaseControl */ = {
			isa = PBXGroup;
			children = (
				26175EF81EE70456003BF367 /* PagerController.swift */,
				26175EF11EE70456003BF367 /* knCell.swift */,
				26175EF21EE70456003BF367 /* knCollectionController.swift */,
				26175EF31EE70456003BF367 /* knController.swift */,
				26175EF41EE70456003BF367 /* knPagerController.swift */,
				26175EF51EE70456003BF367 /* knTableController.swift */,
				26175EF61EE70456003BF367 /* knView.swift */,
				26175EF71EE70456003BF367 /* knViewBase.swift */,
			);
			path = BaseControl;
			sourceTree = "<group>";
		};
		26175EF91EE70456003BF367 /* ComposerView */ = {
			isa = PBXGroup;
			children = (
				26175EFA1EE70456003BF367 /* camera.png */,
				26175EFB1EE70456003BF367 /* knComposerView.swift */,
				26175EFC1EE70456003BF367 /* micro.png */,
				26175EFD1EE70456003BF367 /* send.png */,
				26175EFE1EE70456003BF367 /* three_dot_vertical.png */,
			);
			path = ComposerView;
			sourceTree = "<group>";
		};
		26175F191EE70456003BF367 /* Extension */ = {
			isa = PBXGroup;
			children = (
				26175F1A1EE70456003BF367 /* knInt.swift */,
				26175F1B1EE70456003BF367 /* knNSDate.swift */,
				26175F1C1EE70456003BF367 /* knString.swift */,
				26175F1D1EE70456003BF367 /* knUIApplication.swift */,
				26175F1E1EE70456003BF367 /* knUIButton.swift */,
				26175F1F1EE70456003BF367 /* knUIColor.swift */,
				26175F201EE70456003BF367 /* knUIExtension.swift */,
				26175F211EE70456003BF367 /* knUIImage.swift */,
				26175F221EE70456003BF367 /* knUINavigationController.swift */,
				26175F231EE70456003BF367 /* knUIScrollView.swift */,
				26175F241EE70456003BF367 /* knUISearchBar.swift */,
				26175F251EE70456003BF367 /* knUITableView.swift */,
				26175F261EE70456003BF367 /* knUITextField.swift */,
				26175F271EE70456003BF367 /* knUITextView.swift */,
				26175F281EE70456003BF367 /* knUIView.swift */,
				26175F291EE70456003BF367 /* knUIViewController.swift */,
			);
			path = Extension;
			sourceTree = "<group>";
		};
		26175F2A1EE70456003BF367 /* Others */ = {
			isa = PBXGroup;
			children = (
				26175F2B1EE70456003BF367 /* AlamofireConnector.swift */,
				26175F2C1EE70456003BF367 /* Error.swift */,
				26175F2D1EE70456003BF367 /* GlobalSupporter.swift */,
				26175F2E1EE70456003BF367 /* JSONParser.swift */,
				26175F2F1EE70456003BF367 /* KeyboardManager.swift */,
				26175F311EE70456003BF367 /* LocationWorker.swift */,
				26175F321EE70456003BF367 /* SafeJsonObject.swift */,
				26175F331EE70456003BF367 /* ServiceConnector.swift */,
				26175F341EE70456003BF367 /* Worker.swift */,
				26175F301EE70456003BF367 /* knScreenSize.swift */,
			);
			path = Others;
			sourceTree = "<group>";
		};
		261760441EE7049F003BF367 /* Signup */ = {
			isa = PBXGroup;
			children = (
				263351511EE89A6900BA3773 /* SignupVIP.swift */,
				263351531EE89A8200BA3773 /* Signup.swift */,
			);
			path = Signup;
			sourceTree = "<group>";
		};
		261760481EE7049F003BF367 /* Login */ = {
			isa = PBXGroup;
			children = (
				263351491EE899D200BA3773 /* Login.swift */,
				2633514B1EE899EA00BA3773 /* LoginVIP.swift */,
				2633514D1EE899FF00BA3773 /* ValidateEmailPasswordWorker.swift */,
				2633514F1EE89A1300BA3773 /* ValidateEmailWorker.swift */,
			);
			path = Login;
			sourceTree = "<group>";
		};
		261760511EE70DA5003BF367 /* Common */ = {
			isa = PBXGroup;
			children = (
				261760521EE70DAF003BF367 /* Supporter.swift */,
			);
			path = Common;
			sourceTree = "<group>";
		};
		261760541EE740A6003BF367 /* Events */ = {
			isa = PBXGroup;
			children = (
				261760551EE740AE003BF367 /* EventList.swift */,
				261760591EE74A4D003BF367 /* NewEvent.swift */,
			);
			path = Events;
			sourceTree = "<group>";
		};
		263351421EE88C4C00BA3773 /* ForgotPassword */ = {
			isa = PBXGroup;
			children = (
				263351431EE88C8500BA3773 /* ForgotPassword.swift */,
				263351451EE88C9700BA3773 /* ForgotPasswordVIP.swift */,
			);
			path = ForgotPassword;
			sourceTree = "<group>";
		};
		6E03862695F5494EF1E1AA38 /* Frameworks */ = {
			isa = PBXGroup;
			children = (
				12D781BA9634FC89F2EFC7F3 /* Pods_MyEvents.framework */,
				0DDC40B90715E09B68234BF2 /* Pods_MyEventsUITests.framework */,
			);
			name = Frameworks;
			sourceTree = "<group>";
		};
		E27E9C942F61F8455AE68124 /* Pods */ = {
			isa = PBXGroup;
			children = (
				0EEB30F2F387311AFA5ED7F5 /* Pods-MyEvents.debug.xcconfig */,
				94CFB0F0BAF6F511D89291CF /* Pods-MyEvents.release.xcconfig */,
				B70D38EB3F7DA4ED25930481 /* Pods-MyEventsUITests.debug.xcconfig */,
				26C8FD7917687F4C7EB1293E /* Pods-MyEventsUITests.release.xcconfig */,
			);
			name = Pods;
			sourceTree = "<group>";
		};
/* End PBXGroup section */

/* Begin PBXNativeTarget section */
		26175EC11EE70403003BF367 /* MyEvents */ = {
			isa = PBXNativeTarget;
			buildConfigurationList = 26175EDF1EE70403003BF367 /* Build configuration list for PBXNativeTarget "MyEvents" */;
			buildPhases = (
				ADD014C227EF9FFB01DB2C38 /* [CP] Check Pods Manifest.lock */,
				26175EBE1EE70403003BF367 /* Sources */,
				26175EBF1EE70403003BF367 /* Frameworks */,
				26175EC01EE70403003BF367 /* Resources */,
				AB5C2D6A40024344DDCBF721 /* [CP] Embed Pods Frameworks */,
				5374E5C438A52535A1F71FD6 /* [CP] Copy Pods Resources */,
			);
			buildRules = (
			);
			dependencies = (
			);
			name = MyEvents;
			productName = MyEvents;
			productReference = 26175EC21EE70403003BF367 /* MyEvents.app */;
			productType = "com.apple.product-type.application";
		};
		26175ED51EE70403003BF367 /* MyEventsUITests */ = {
			isa = PBXNativeTarget;
			buildConfigurationList = 26175EE21EE70403003BF367 /* Build configuration list for PBXNativeTarget "MyEventsUITests" */;
			buildPhases = (
				E2E418800B6AD560511C055A /* [CP] Check Pods Manifest.lock */,
				26175ED21EE70403003BF367 /* Sources */,
				26175ED31EE70403003BF367 /* Frameworks */,
				26175ED41EE70403003BF367 /* Resources */,
				87AC8ABF5EBBB63832B3C82F /* [CP] Embed Pods Frameworks */,
				503A51989A87404C6C7282E5 /* [CP] Copy Pods Resources */,
			);
			buildRules = (
			);
			dependencies = (
				26175ED81EE70403003BF367 /* PBXTargetDependency */,
			);
			name = MyEventsUITests;
			productName = MyEventsUITests;
			productReference = 26175ED61EE70403003BF367 /* MyEventsUITests.xctest */;
			productType = "com.apple.product-type.bundle.ui-testing";
		};
/* End PBXNativeTarget section */

/* Begin PBXProject section */
		26175EBA1EE70403003BF367 /* Project object */ = {
			isa = PBXProject;
			attributes = {
				LastSwiftUpdateCheck = 0830;
				LastUpgradeCheck = 0900;
				ORGANIZATIONNAME = "Ky Nguyen";
				TargetAttributes = {
					26175EC11EE70403003BF367 = {
						CreatedOnToolsVersion = 8.3.2;
						DevelopmentTeam = YM62LBZ4XN;
						ProvisioningStyle = Automatic;
					};
					26175ED51EE70403003BF367 = {
						CreatedOnToolsVersion = 8.3.2;
						DevelopmentTeam = YM62LBZ4XN;
						ProvisioningStyle = Automatic;
						TestTargetID = 26175EC11EE70403003BF367;
					};
				};
			};
			buildConfigurationList = 26175EBD1EE70403003BF367 /* Build configuration list for PBXProject "MyEvents" */;
			compatibilityVersion = "Xcode 3.2";
			developmentRegion = English;
			hasScannedForEncodings = 0;
			knownRegions = (
				en,
				Base,
			);
			mainGroup = 26175EB91EE70403003BF367;
			productRefGroup = 26175EC31EE70403003BF367 /* Products */;
			projectDirPath = "";
			projectRoot = "";
			targets = (
				26175EC11EE70403003BF367 /* MyEvents */,
				26175ED51EE70403003BF367 /* MyEventsUITests */,
			);
		};
/* End PBXProject section */

/* Begin PBXResourcesBuildPhase section */
		26175EC01EE70403003BF367 /* Resources */ = {
			isa = PBXResourcesBuildPhase;
			buildActionMask = 2147483647;
			files = (
				26175ED01EE70403003BF367 /* LaunchScreen.storyboard in Resources */,
				26175F421EE70456003BF367 /* send.png in Resources */,
				26175F3F1EE70456003BF367 /* camera.png in Resources */,
				26175F411EE70456003BF367 /* micro.png in Resources */,
				26175F431EE70456003BF367 /* three_dot_vertical.png in Resources */,
				26175ECD1EE70403003BF367 /* Assets.xcassets in Resources */,
			);
			runOnlyForDeploymentPostprocessing = 0;
		};
		26175ED41EE70403003BF367 /* Resources */ = {
			isa = PBXResourcesBuildPhase;
			buildActionMask = 2147483647;
			files = (
			);
			runOnlyForDeploymentPostprocessing = 0;
		};
/* End PBXResourcesBuildPhase section */

/* Begin PBXShellScriptBuildPhase section */
		503A51989A87404C6C7282E5 /* [CP] Copy Pods Resources */ = {
			isa = PBXShellScriptBuildPhase;
			buildActionMask = 2147483647;
			files = (
			);
			inputPaths = (
			);
			name = "[CP] Copy Pods Resources";
			outputPaths = (
			);
			runOnlyForDeploymentPostprocessing = 0;
			shellPath = /bin/sh;
			shellScript = "\"${SRCROOT}/Pods/Target Support Files/Pods-MyEventsUITests/Pods-MyEventsUITests-resources.sh\"\n";
			showEnvVarsInLog = 0;
		};
		5374E5C438A52535A1F71FD6 /* [CP] Copy Pods Resources */ = {
			isa = PBXShellScriptBuildPhase;
			buildActionMask = 2147483647;
			files = (
			);
			inputPaths = (
			);
			name = "[CP] Copy Pods Resources";
			outputPaths = (
			);
			runOnlyForDeploymentPostprocessing = 0;
			shellPath = /bin/sh;
			shellScript = "\"${SRCROOT}/Pods/Target Support Files/Pods-MyEvents/Pods-MyEvents-resources.sh\"\n";
			showEnvVarsInLog = 0;
		};
		87AC8ABF5EBBB63832B3C82F /* [CP] Embed Pods Frameworks */ = {
			isa = PBXShellScriptBuildPhase;
			buildActionMask = 2147483647;
			files = (
			);
			inputPaths = (
			);
			name = "[CP] Embed Pods Frameworks";
			outputPaths = (
			);
			runOnlyForDeploymentPostprocessing = 0;
			shellPath = /bin/sh;
			shellScript = "\"${SRCROOT}/Pods/Target Support Files/Pods-MyEventsUITests/Pods-MyEventsUITests-frameworks.sh\"\n";
			showEnvVarsInLog = 0;
		};
		AB5C2D6A40024344DDCBF721 /* [CP] Embed Pods Frameworks */ = {
			isa = PBXShellScriptBuildPhase;
			buildActionMask = 2147483647;
			files = (
			);
			inputPaths = (
			);
			name = "[CP] Embed Pods Frameworks";
			outputPaths = (
			);
			runOnlyForDeploymentPostprocessing = 0;
			shellPath = /bin/sh;
			shellScript = "\"${SRCROOT}/Pods/Target Support Files/Pods-MyEvents/Pods-MyEvents-frameworks.sh\"\n";
			showEnvVarsInLog = 0;
		};
		ADD014C227EF9FFB01DB2C38 /* [CP] Check Pods Manifest.lock */ = {
			isa = PBXShellScriptBuildPhase;
			buildActionMask = 2147483647;
			files = (
			);
			inputPaths = (
			);
			name = "[CP] Check Pods Manifest.lock";
			outputPaths = (
			);
			runOnlyForDeploymentPostprocessing = 0;
			shellPath = /bin/sh;
			shellScript = "diff \"${PODS_ROOT}/../Podfile.lock\" \"${PODS_ROOT}/Manifest.lock\" > /dev/null\nif [ $? != 0 ] ; then\n    # print error to STDERR\n    echo \"error: The sandbox is not in sync with the Podfile.lock. Run 'pod install' or update your CocoaPods installation.\" >&2\n    exit 1\nfi\n";
			showEnvVarsInLog = 0;
		};
		E2E418800B6AD560511C055A /* [CP] Check Pods Manifest.lock */ = {
			isa = PBXShellScriptBuildPhase;
			buildActionMask = 2147483647;
			files = (
			);
			inputPaths = (
			);
			name = "[CP] Check Pods Manifest.lock";
			outputPaths = (
			);
			runOnlyForDeploymentPostprocessing = 0;
			shellPath = /bin/sh;
			shellScript = "diff \"${PODS_ROOT}/../Podfile.lock\" \"${PODS_ROOT}/Manifest.lock\" > /dev/null\nif [ $? != 0 ] ; then\n    # print error to STDERR\n    echo \"error: The sandbox is not in sync with the Podfile.lock. Run 'pod install' or update your CocoaPods installation.\" >&2\n    exit 1\nfi\n";
			showEnvVarsInLog = 0;
		};
/* End PBXShellScriptBuildPhase section */

/* Begin PBXSourcesBuildPhase section */
		26175EBE1EE70403003BF367 /* Sources */ = {
			isa = PBXSourcesBuildPhase;
			buildActionMask = 2147483647;
			files = (
				26175F661EE70456003BF367 /* knUIScrollView.swift in Sources */,
				26175F721EE70457003BF367 /* knScreenSize.swift in Sources */,
				26175F361EE70456003BF367 /* AnimateItemCollectionLayout.swift in Sources */,
				263351461EE88C9700BA3773 /* ForgotPasswordVIP.swift in Sources */,
				26175F691EE70456003BF367 /* knUITextField.swift in Sources */,
				26175F6C1EE70457003BF367 /* knUIViewController.swift in Sources */,
				26175F671EE70456003BF367 /* knUISearchBar.swift in Sources */,
				26175F4E1EE70456003BF367 /* knGistTextField.swift in Sources */,
				26175F711EE70457003BF367 /* KeyboardManager.swift in Sources */,
				263351521EE89A6900BA3773 /* SignupVIP.swift in Sources */,
				26175EEA1EE70448003BF367 /* Setting.swift in Sources */,
				26175F611EE70456003BF367 /* knUIButton.swift in Sources */,
				26175F5F1EE70456003BF367 /* knString.swift in Sources */,
				26175F731EE70457003BF367 /* LocationWorker.swift in Sources */,
				26175F5D1EE70456003BF367 /* knInt.swift in Sources */,
				2633514A1EE899D200BA3773 /* Login.swift in Sources */,
				26175F4A1EE70456003BF367 /* knCodeView.swift in Sources */,
				26175F5C1EE70456003BF367 /* ValidationWorker.swift in Sources */,
				26175F6B1EE70457003BF367 /* knUIView.swift in Sources */,
				26175F551EE70456003BF367 /* knTwoCollumnsCollectionViewLayout.swift in Sources */,
				26175F741EE70457003BF367 /* SafeJsonObject.swift in Sources */,
				26175F4D1EE70456003BF367 /* knDraggableViewCollection.swift in Sources */,
				26175EC61EE70403003BF367 /* AppDelegate.swift in Sources */,
				26175F5E1EE70456003BF367 /* knNSDate.swift in Sources */,
				26175F631EE70456003BF367 /* knUIExtension.swift in Sources */,
				26175F521EE70456003BF367 /* knRippleAnimationView.swift in Sources */,
				26175F3E1EE70456003BF367 /* PagerController.swift in Sources */,
				26175F541EE70456003BF367 /* knTagView.swift in Sources */,
				261760561EE740AE003BF367 /* EventList.swift in Sources */,
				26175F461EE70456003BF367 /* knAnalogClockView.swift in Sources */,
				26175F621EE70456003BF367 /* knUIColor.swift in Sources */,
				26175F441EE70456003BF367 /* GradientView.swift in Sources */,
				263351441EE88C8500BA3773 /* ForgotPassword.swift in Sources */,
				26175F391EE70456003BF367 /* knController.swift in Sources */,
				2633514E1EE899FF00BA3773 /* ValidateEmailPasswordWorker.swift in Sources */,
				26175F531EE70456003BF367 /* knShimmerView.swift in Sources */,
				26175F751EE70457003BF367 /* ServiceConnector.swift in Sources */,
				26175F5A1EE70456003BF367 /* TransitionSubmitButton.swift in Sources */,
				26175F601EE70456003BF367 /* knUIApplication.swift in Sources */,
				26175F761EE70457003BF367 /* Worker.swift in Sources */,
				261760581EE74441003BF367 /* ExtensionUIImageView.swift in Sources */,
				263351501EE89A1300BA3773 /* ValidateEmailWorker.swift in Sources */,
				26175F591EE70456003BF367 /* SnakePageControl.swift in Sources */,
				26175F5B1EE70456003BF367 /* Uploader.swift in Sources */,
				26175F651EE70456003BF367 /* knUINavigationController.swift in Sources */,
				26175F511EE70456003BF367 /* knPhotoSelector.swift in Sources */,
				26175F3B1EE70456003BF367 /* knTableController.swift in Sources */,
				263351481EE8902F00BA3773 /* DatePickerDialog.swift in Sources */,
				26175F681EE70456003BF367 /* knUITableView.swift in Sources */,
				2617605C1EE753B4003BF367 /* FloatLabelTextField.swift in Sources */,
				26175F4F1EE70456003BF367 /* knLoadingView.swift in Sources */,
				2617605A1EE74A4D003BF367 /* NewEvent.swift in Sources */,
				26175F451EE70456003BF367 /* KMPlaceholderTextView.swift in Sources */,
				26175F481EE70456003BF367 /* knBarButtonNumber.swift in Sources */,
				26175F471EE70456003BF367 /* knAnimationScrollView.swift in Sources */,
				26175F701EE70457003BF367 /* JSONParser.swift in Sources */,
				26175F491EE70456003BF367 /* knButton.swift in Sources */,
				26175F641EE70456003BF367 /* knUIImage.swift in Sources */,
				26175F6E1EE70457003BF367 /* Error.swift in Sources */,
				263351541EE89A8200BA3773 /* Signup.swift in Sources */,
				2633514C1EE899EA00BA3773 /* LoginVIP.swift in Sources */,
				26175F581EE70456003BF367 /* RSKCollectionViewRetractableFirstItemLayout.swift in Sources */,
				26175F4C1EE70456003BF367 /* knDotLoadingIndicator.swift in Sources */,
				26175F401EE70456003BF367 /* knComposerView.swift in Sources */,
				26175F501EE70456003BF367 /* knPageViewController.swift in Sources */,
				26175F6D1EE70457003BF367 /* AlamofireConnector.swift in Sources */,
				26175F6F1EE70457003BF367 /* GlobalSupporter.swift in Sources */,
				26175F4B1EE70456003BF367 /* knDateDialog.swift in Sources */,
				26175F571EE70456003BF367 /* RecordView.swift in Sources */,
				26175F3C1EE70456003BF367 /* knView.swift in Sources */,
				26175F351EE70456003BF367 /* knConstraints.swift in Sources */,
				26175F381EE70456003BF367 /* knCollectionController.swift in Sources */,
				26175F3D1EE70456003BF367 /* knViewBase.swift in Sources */,
				26175F6A1EE70456003BF367 /* knUITextView.swift in Sources */,
				26175F561EE70456003BF367 /* knUnderlineTextField.swift in Sources */,
				26175F3A1EE70456003BF367 /* knPagerController.swift in Sources */,
				261760531EE70DAF003BF367 /* Supporter.swift in Sources */,
				26175F371EE70456003BF367 /* knCell.swift in Sources */,
			);
			runOnlyForDeploymentPostprocessing = 0;
		};
		26175ED21EE70403003BF367 /* Sources */ = {
			isa = PBXSourcesBuildPhase;
			buildActionMask = 2147483647;
			files = (
				26175EDB1EE70403003BF367 /* MyEventsUITests.swift in Sources */,
			);
			runOnlyForDeploymentPostprocessing = 0;
		};
/* End PBXSourcesBuildPhase section */

/* Begin PBXTargetDependency section */
		26175ED81EE70403003BF367 /* PBXTargetDependency */ = {
			isa = PBXTargetDependency;
			target = 26175EC11EE70403003BF367 /* MyEvents */;
			targetProxy = 26175ED71EE70403003BF367 /* PBXContainerItemProxy */;
		};
/* End PBXTargetDependency section */

/* Begin PBXVariantGroup section */
		26175ECE1EE70403003BF367 /* LaunchScreen.storyboard */ = {
			isa = PBXVariantGroup;
			children = (
				26175ECF1EE70403003BF367 /* Base */,
			);
			name = LaunchScreen.storyboard;
			path = .;
			sourceTree = "<group>";
		};
/* End PBXVariantGroup section */

/* Begin XCBuildConfiguration section */
		26175EDD1EE70403003BF367 /* Debug */ = {
			isa = XCBuildConfiguration;
			buildSettings = {
				ALWAYS_SEARCH_USER_PATHS = NO;
				CLANG_ANALYZER_NONNULL = YES;
				CLANG_ANALYZER_NUMBER_OBJECT_CONVERSION = YES_AGGRESSIVE;
				CLANG_CXX_LANGUAGE_STANDARD = "gnu++0x";
				CLANG_CXX_LIBRARY = "libc++";
				CLANG_ENABLE_MODULES = YES;
				CLANG_ENABLE_OBJC_ARC = YES;
				CLANG_WARN_BLOCK_CAPTURE_AUTORELEASING = YES;
				CLANG_WARN_BOOL_CONVERSION = YES;
				CLANG_WARN_COMMA = YES;
				CLANG_WARN_CONSTANT_CONVERSION = YES;
				CLANG_WARN_DIRECT_OBJC_ISA_USAGE = YES_ERROR;
				CLANG_WARN_DOCUMENTATION_COMMENTS = YES;
				CLANG_WARN_EMPTY_BODY = YES;
				CLANG_WARN_ENUM_CONVERSION = YES;
				CLANG_WARN_INFINITE_RECURSION = YES;
				CLANG_WARN_INT_CONVERSION = YES;
				CLANG_WARN_NON_LITERAL_NULL_CONVERSION = YES;
				CLANG_WARN_OBJC_LITERAL_CONVERSION = YES;
				CLANG_WARN_OBJC_ROOT_CLASS = YES_ERROR;
				CLANG_WARN_RANGE_LOOP_ANALYSIS = YES;
				CLANG_WARN_STRICT_PROTOTYPES = YES;
				CLANG_WARN_SUSPICIOUS_MOVE = YES;
				CLANG_WARN_UNREACHABLE_CODE = YES;
				CLANG_WARN__DUPLICATE_METHOD_MATCH = YES;
				"CODE_SIGN_IDENTITY[sdk=iphoneos*]" = "iPhone Developer";
				COPY_PHASE_STRIP = NO;
				DEBUG_INFORMATION_FORMAT = dwarf;
				ENABLE_STRICT_OBJC_MSGSEND = YES;
				ENABLE_TESTABILITY = YES;
				GCC_C_LANGUAGE_STANDARD = gnu99;
				GCC_DYNAMIC_NO_PIC = NO;
				GCC_NO_COMMON_BLOCKS = YES;
				GCC_OPTIMIZATION_LEVEL = 0;
				GCC_PREPROCESSOR_DEFINITIONS = (
					"DEBUG=1",
					"$(inherited)",
				);
				GCC_WARN_64_TO_32_BIT_CONVERSION = YES;
				GCC_WARN_ABOUT_RETURN_TYPE = YES_ERROR;
				GCC_WARN_UNDECLARED_SELECTOR = YES;
				GCC_WARN_UNINITIALIZED_AUTOS = YES_AGGRESSIVE;
				GCC_WARN_UNUSED_FUNCTION = YES;
				GCC_WARN_UNUSED_VARIABLE = YES;
				IPHONEOS_DEPLOYMENT_TARGET = 10.3;
				MTL_ENABLE_DEBUG_INFO = YES;
				ONLY_ACTIVE_ARCH = YES;
				SDKROOT = iphoneos;
				SWIFT_ACTIVE_COMPILATION_CONDITIONS = DEBUG;
				SWIFT_OPTIMIZATION_LEVEL = "-Onone";
			};
			name = Debug;
		};
		26175EDE1EE70403003BF367 /* Release */ = {
			isa = XCBuildConfiguration;
			buildSettings = {
				ALWAYS_SEARCH_USER_PATHS = NO;
				CLANG_ANALYZER_NONNULL = YES;
				CLANG_ANALYZER_NUMBER_OBJECT_CONVERSION = YES_AGGRESSIVE;
				CLANG_CXX_LANGUAGE_STANDARD = "gnu++0x";
				CLANG_CXX_LIBRARY = "libc++";
				CLANG_ENABLE_MODULES = YES;
				CLANG_ENABLE_OBJC_ARC = YES;
				CLANG_WARN_BLOCK_CAPTURE_AUTORELEASING = YES;
				CLANG_WARN_BOOL_CONVERSION = YES;
				CLANG_WARN_COMMA = YES;
				CLANG_WARN_CONSTANT_CONVERSION = YES;
				CLANG_WARN_DIRECT_OBJC_ISA_USAGE = YES_ERROR;
				CLANG_WARN_DOCUMENTATION_COMMENTS = YES;
				CLANG_WARN_EMPTY_BODY = YES;
				CLANG_WARN_ENUM_CONVERSION = YES;
				CLANG_WARN_INFINITE_RECURSION = YES;
				CLANG_WARN_INT_CONVERSION = YES;
				CLANG_WARN_NON_LITERAL_NULL_CONVERSION = YES;
				CLANG_WARN_OBJC_LITERAL_CONVERSION = YES;
				CLANG_WARN_OBJC_ROOT_CLASS = YES_ERROR;
				CLANG_WARN_RANGE_LOOP_ANALYSIS = YES;
				CLANG_WARN_STRICT_PROTOTYPES = YES;
				CLANG_WARN_SUSPICIOUS_MOVE = YES;
				CLANG_WARN_UNREACHABLE_CODE = YES;
				CLANG_WARN__DUPLICATE_METHOD_MATCH = YES;
				"CODE_SIGN_IDENTITY[sdk=iphoneos*]" = "iPhone Developer";
				COPY_PHASE_STRIP = NO;
				DEBUG_INFORMATION_FORMAT = "dwarf-with-dsym";
				ENABLE_NS_ASSERTIONS = NO;
				ENABLE_STRICT_OBJC_MSGSEND = YES;
				GCC_C_LANGUAGE_STANDARD = gnu99;
				GCC_NO_COMMON_BLOCKS = YES;
				GCC_WARN_64_TO_32_BIT_CONVERSION = YES;
				GCC_WARN_ABOUT_RETURN_TYPE = YES_ERROR;
				GCC_WARN_UNDECLARED_SELECTOR = YES;
				GCC_WARN_UNINITIALIZED_AUTOS = YES_AGGRESSIVE;
				GCC_WARN_UNUSED_FUNCTION = YES;
				GCC_WARN_UNUSED_VARIABLE = YES;
				IPHONEOS_DEPLOYMENT_TARGET = 10.3;
				MTL_ENABLE_DEBUG_INFO = NO;
				SDKROOT = iphoneos;
				SWIFT_OPTIMIZATION_LEVEL = "-Owholemodule";
				VALIDATE_PRODUCT = YES;
			};
			name = Release;
		};
		26175EE01EE70403003BF367 /* Debug */ = {
			isa = XCBuildConfiguration;
			baseConfigurationReference = 0EEB30F2F387311AFA5ED7F5 /* Pods-MyEvents.debug.xcconfig */;
			buildSettings = {
				ALWAYS_EMBED_SWIFT_STANDARD_LIBRARIES = YES;
				ASSETCATALOG_COMPILER_APPICON_NAME = AppIcon;
				DEVELOPMENT_TEAM = YM62LBZ4XN;
				INFOPLIST_FILE = MyEvents/Configuration/Info.plist;
				LD_RUNPATH_SEARCH_PATHS = "$(inherited) @executable_path/Frameworks";
				PRODUCT_BUNDLE_IDENTIFIER = kn.MyEvents;
				PRODUCT_NAME = "$(TARGET_NAME)";
				SWIFT_VERSION = 3.0;
			};
			name = Debug;
		};
		26175EE11EE70403003BF367 /* Release */ = {
			isa = XCBuildConfiguration;
			baseConfigurationReference = 94CFB0F0BAF6F511D89291CF /* Pods-MyEvents.release.xcconfig */;
			buildSettings = {
				ALWAYS_EMBED_SWIFT_STANDARD_LIBRARIES = YES;
				ASSETCATALOG_COMPILER_APPICON_NAME = AppIcon;
				DEVELOPMENT_TEAM = YM62LBZ4XN;
				INFOPLIST_FILE = MyEvents/Configuration/Info.plist;
				LD_RUNPATH_SEARCH_PATHS = "$(inherited) @executable_path/Frameworks";
				PRODUCT_BUNDLE_IDENTIFIER = kn.MyEvents;
				PRODUCT_NAME = "$(TARGET_NAME)";
				SWIFT_VERSION = 3.0;
			};
			name = Release;
		};
		26175EE31EE70403003BF367 /* Debug */ = {
			isa = XCBuildConfiguration;
			baseConfigurationReference = B70D38EB3F7DA4ED25930481 /* Pods-MyEventsUITests.debug.xcconfig */;
			buildSettings = {
				ALWAYS_EMBED_SWIFT_STANDARD_LIBRARIES = YES;
				DEVELOPMENT_TEAM = YM62LBZ4XN;
				INFOPLIST_FILE = MyEventsUITests/Info.plist;
				LD_RUNPATH_SEARCH_PATHS = "$(inherited) @executable_path/Frameworks @loader_path/Frameworks";
				PRODUCT_BUNDLE_IDENTIFIER = kn.MyEventsUITests;
				PRODUCT_NAME = "$(TARGET_NAME)";
				SWIFT_VERSION = 3.0;
				TEST_TARGET_NAME = MyEvents;
			};
			name = Debug;
		};
		26175EE41EE70403003BF367 /* Release */ = {
			isa = XCBuildConfiguration;
			baseConfigurationReference = 26C8FD7917687F4C7EB1293E /* Pods-MyEventsUITests.release.xcconfig */;
			buildSettings = {
				ALWAYS_EMBED_SWIFT_STANDARD_LIBRARIES = YES;
				DEVELOPMENT_TEAM = YM62LBZ4XN;
				INFOPLIST_FILE = MyEventsUITests/Info.plist;
				LD_RUNPATH_SEARCH_PATHS = "$(inherited) @executable_path/Frameworks @loader_path/Frameworks";
				PRODUCT_BUNDLE_IDENTIFIER = kn.MyEventsUITests;
				PRODUCT_NAME = "$(TARGET_NAME)";
				SWIFT_VERSION = 3.0;
				TEST_TARGET_NAME = MyEvents;
			};
			name = Release;
		};
/* End XCBuildConfiguration section */

/* Begin XCConfigurationList section */
		26175EBD1EE70403003BF367 /* Build configuration list for PBXProject "MyEvents" */ = {
			isa = XCConfigurationList;
			buildConfigurations = (
				26175EDD1EE70403003BF367 /* Debug */,
				26175EDE1EE70403003BF367 /* Release */,
			);
			defaultConfigurationIsVisible = 0;
			defaultConfigurationName = Release;
		};
		26175EDF1EE70403003BF367 /* Build configuration list for PBXNativeTarget "MyEvents" */ = {
			isa = XCConfigurationList;
			buildConfigurations = (
				26175EE01EE70403003BF367 /* Debug */,
				26175EE11EE70403003BF367 /* Release */,
			);
			defaultConfigurationIsVisible = 0;
			defaultConfigurationName = Release;
		};
		26175EE21EE70403003BF367 /* Build configuration list for PBXNativeTarget "MyEventsUITests" */ = {
			isa = XCConfigurationList;
			buildConfigurations = (
				26175EE31EE70403003BF367 /* Debug */,
				26175EE41EE70403003BF367 /* Release */,
			);
			defaultConfigurationIsVisible = 0;
			defaultConfigurationName = Release;
		};
/* End XCConfigurationList section */
	};
	rootObject = 26175EBA1EE70403003BF367 /* Project object */;
}
